# Generated by `scripts/dev/fact_status.py verify`. Do not edit: the checksum below is over `units`.
{
  "checksum": "2fdf9599b19868677805d9e53167e4a02c2d7ae18a5ab0c795ca82dd9a2ed75d",
  "units": {
    "CLAUDE.md#The procedure": {
      "atoms": {
        "ansible/roles/setup/gitops_deploy/files/deploy_git.py:_CI_NO_VERDICT_CONCLUSIONS": "c5f45b668f4c37fa1b5726ce80aad2b21bd09f64126a74615b4becf98b6a3114",
        "ansible/tests/deploy/test_ci_cancelled_is_not_a_verdict.py::test_cancelled_is_declared_no_verdict": "129eb63e16f709f2d8b973017bb9a9cda2feaf17df7d0903426f540d8521b8dc"
      },
      "python": "3.14",
      "verified_sha": "27e9d806b"
    },
    "ansible/roles/k8s/media-volume/CLAUDE.md#At a glance": {
      "atoms": {
        "ansible/tests/deploy/test_k8s_toposort.py::test_documented_pairwise_ordering_survives_an_adversarial_list": "37eb96b66366464eca43a9b1ec5018a826e0655810a57679d406792e9c78d8ac"
      },
      "python": "3.14",
      "verified_sha": "ec800a7bf"
    },
    "ansible/roles/k8s/mosquitto/CLAUDE.md#At a glance": {
      "atoms": {
        "ansible/tests/deploy/test_k8s_toposort.py::test_documented_pairwise_ordering_survives_an_adversarial_list": "37eb96b66366464eca43a9b1ec5018a826e0655810a57679d406792e9c78d8ac"
      },
      "python": "3.14",
      "verified_sha": "ec800a7bf"
    },
    "ansible/roles/k8s/valheim-stats/CLAUDE.md#At a glance": {
      "atoms": {
        "ansible/tests/deploy/test_k8s_toposort.py::test_documented_pairwise_ordering_survives_an_adversarial_list": "37eb96b66366464eca43a9b1ec5018a826e0655810a57679d406792e9c78d8ac"
      },
      "python": "3.14",
      "verified_sha": "ec800a7bf"
    }
  }
}
