# Generated by `scripts/dev/fact_status.py verify`. Do not edit: the checksum below is over `units`.
{
  "checksum": "6047a556a6f4fddd087432eec906c518bd8a2d244fe584078912895b36053f10",
  "units": {
    "CLAUDE.md#The procedure": {
      "atoms": {
        "ansible/roles/setup/gitops_deploy/files/deploy_git.py:_CI_NO_VERDICT_CONCLUSIONS": "c5f45b668f4c37fa1b5726ce80aad2b21bd09f64126a74615b4becf98b6a3114",
        "ansible/tests/deploy/test_ci_cancelled_is_not_a_verdict.py::test_cancelled_is_declared_no_verdict": "129eb63e16f709f2d8b973017bb9a9cda2feaf17df7d0903426f540d8521b8dc"
      },
      "python": "3.14",
      "verified_sha": "27e9d806b"
    }
  }
}
