# Generated by `scripts/dev/fact_status.py verify`. Do not edit: the checksum below is over `units`.
{
  "checksum": "a6f56c66bd804620272743daba7585010f86c45d717716682c78d1da4d3e5bfa",
  "units": {
    "CLAUDE.md#The procedure": {
      "atoms": {
        "ansible/roles/setup/gitops_deploy/files/deploy_git.py:_CI_NO_VERDICT_CONCLUSIONS": "c5f45b668f4c37fa1b5726ce80aad2b21bd09f64126a74615b4becf98b6a3114",
        "ansible/tests/deploy/test_ci_cancelled_is_not_a_verdict.py::test_cancelled_is_declared_no_verdict": "129eb63e16f709f2d8b973017bb9a9cda2feaf17df7d0903426f540d8521b8dc"
      },
      "python": "3.14",
      "verified_sha": "2460d0675"
    },
    "ansible/roles/k8s/crowdsec/CLAUDE.md#`UnmarshalJSON : unexpected end of JSON input` is a partial-line read, fixed only upstream": {
      "atoms": {
        "ansible/inventory/group_vars/all.yml:crowdsec_k8s_image": "bf04ebad89d52e2a70ac5851f6a7fa83878bc97efc371380cfe2a525e0cbb123",
        "ansible/roles/k8s/crowdsec/templates/node-agent-acquis.yaml.j2": "e98ef8899e3fe1ae4107d3514487f735f257f40f2994ca64421b406a4da28c23"
      },
      "python": "3.14",
      "verified_sha": "1ce439c6f"
    },
    "ansible/roles/k8s/media-volume/CLAUDE.md#At a glance": {
      "atoms": {
        "ansible/tests/deploy/test_k8s_toposort.py::test_documented_pairwise_ordering_survives_an_adversarial_list": "31404c404dbf1e8c3158ccd296897d81a56627602184747b8ff7f137595d0da3"
      },
      "python": "3.14",
      "verified_sha": "b5b460738"
    },
    "ansible/roles/k8s/mosquitto/CLAUDE.md#At a glance": {
      "atoms": {
        "ansible/tests/deploy/test_k8s_toposort.py::test_documented_pairwise_ordering_survives_an_adversarial_list": "31404c404dbf1e8c3158ccd296897d81a56627602184747b8ff7f137595d0da3"
      },
      "python": "3.14",
      "verified_sha": "b5b460738"
    },
    "ansible/roles/k8s/valheim-stats/CLAUDE.md#At a glance": {
      "atoms": {
        "ansible/tests/deploy/test_k8s_toposort.py::test_documented_pairwise_ordering_survives_an_adversarial_list": "31404c404dbf1e8c3158ccd296897d81a56627602184747b8ff7f137595d0da3"
      },
      "python": "3.14",
      "verified_sha": "b5b460738"
    },
    "ansible/roles/setup/gitops_deploy/CLAUDE.md#How the deployer's Python is laid out": {
      "atoms": {
        "ansible/tests/deploy/test_gitops_deploy_imports.py": "aa77d82dd2d1972600d2aa47f2285245449f9cef8ff4644b93066be69d2e40ac",
        "ansible/tests/deploy/test_gitops_markers_copies.py": "4b94ce258ecba57c2b7bca86ffc454de7de8d39718e35a10c0dfc23d761b979b",
        "scripts/dev/gen_gitops_markers.py": "6c4e71447c7a907032b64eb9bab9cb41b7e690869e69ab0b6c0df80f3aba0e5e",
        "scripts/lib/deployer_park.py": "f7f8a87f9bb892f3dfee751415c140567ad5a06ce949c644d152b5e90e9fe4c2"
      },
      "python": "3.14",
      "verified_sha": "edece83d0"
    },
    "ansible/roles/setup/k3s/CLAUDE.md#Autonomous-role contract (the crons that change state with no human in the loop)": {
      "atoms": {
        "ansible/roles/setup/k3s/defaults/main.yml:k3s_longhorn_cron_evidence_window_hours": "5f9c4ab08cac7457e9111a30e4664920607ea2c115a1433d7be98e97e64244ca",
        "ansible/roles/setup/k3s/defaults/main.yml:k3s_longhorn_restore_drill_empty_ok_max_actual_bytes": "d0677d9337fdaa3498078b2394bead3a17f43c89a1ff4db98e06e0608272c49a",
        "ansible/roles/setup/k3s/defaults/main.yml:k3s_longhorn_restore_drill_empty_ok_pvcs": "47837f6d4c303e163f9f9812e1b909da3b5a11b6d8a6d333ec78ec09afdd0d1c",
        "ansible/roles/setup/k3s/files/longhorn_cron_evidence_logic.py": "76a9bde53d39a4cc4f70714282b2e8e5933f8c3cfaa8c9b14805cd894653748a",
        "ansible/roles/setup/k3s/tests/test_longhorn_backup_health_cron_evidence.py::test_cron_evidence_is_flagged_on_a_failed_trim": "c17914fa068a16f0200a5cd0e92549ef4829ad93ef9501164f5570740e1541ee",
        "ansible/roles/setup/k3s/tests/test_longhorn_backup_health_cron_evidence.py::test_cron_liveness_is_flagged_when_the_cron_entry_is_gone": "dd206de45f2815a17b80c6f1f87c6d44651a8c31ce677ea1969daa5cb7d0fde1",
        "ansible/tests/longhorn/test_longhorn_reap_orphan_never_scheduled.py::test_no_setup_role_schedules_a_reaper": "852f2d6c0e3b2403dcf0d9190f9598efc49245694a70fe4b0249abced8946e6e",
        "ansible/tests/longhorn/test_longhorn_restore_drill_byte_floor.py::test_an_undeclared_volume_still_fails_with_no_files": "e79abead2a2106c7a72e35790d42f3602e41a2dbb670db50cbd35c2bcc38f0e7",
        "ansible/tests/longhorn/test_longhorn_restore_drill_empty_waiver.py::test_a_filled_declared_volume_fails_and_stamps_nothing": "060831a315d6fa82d8a7cec4135a206e169ba8695346f40383430f27eec2d65b",
        "ansible/tests/longhorn/test_longhorn_restore_drill_operator_pin.py::test_argv_pin_drills_that_volume_not_the_rotations_pick": "337fb955a69cfc8948e872fdfc65c709c551521fdb5a386d5ab9799a5f2bcb81",
        "ansible/tests/longhorn/test_longhorn_restore_drill_retry.py::test_a_retry_already_spent_leaves_the_rotation_alone": "cbcd89a15ef27bbd2eaf22179d75a4cacf31dd849c5d11e1c4c8bd4331c9ee88",
        "docs/longhorn-backup-tiering.md": "a2b157186f2e3aace9915adc1733ca34eb422ba67372547af69dcacaa5ce9637",
        "scripts/diagnostics/probe_lib/b2_ledger.py": "02bea14176e3d1b7e87fb87448a77669b55ec66e879c5119dd2670b4ae2212ab"
      },
      "python": "3.14",
      "verified_sha": "a2bbde403"
    }
  }
}
